
Microsoft Visual Studio Solution File, Format Version 12.00
# Visual Studio Version 16
VisualStudioVersion = 16.0.30128.74
MinimumVisualStudioVersion = 10.0.40219.1
Project("{FAE04EC0-301F-11D3-BF4B-00C04F79EFBC}") = "NSwagClientGeneration", "NSwagClientGeneration.csproj", "{7027DFDC-47CC-4828-88AF-0865CD488EAC}"
EndProject
Global
	GlobalSection(SolutionConfigurationPlatforms) = preSolution
		Debug|Any CPU = Debug|Any CPU
		Release|Any CPU = Release|Any CPU
	EndGlobalSection
	GlobalSection(ProjectConfigurationPlatforms) = postSolution
		{7027DFDC-47CC-4828-88AF-0865CD488EAC}.Debug|Any CPU.ActiveCfg = Debug|Any CPU
		{7027DFDC-47CC-4828-88AF-0865CD488EAC}.Debug|Any CPU.Build.0 = Debug|Any CPU
		{7027DFDC-47CC-4828-88AF-0865CD488EAC}.Release|Any CPU.ActiveCfg = Release|Any CPU
		{7027DFDC-47CC-4828-88AF-0865CD488EAC}.Release|Any CPU.Build.0 = Release|Any CPU
	EndGlobalSection
	GlobalSection(SolutionProperties) = preSolution
		HideSolutionNode = FALSE
	EndGlobalSection
	GlobalSection(ExtensibilityGlobals) = postSolution
		SolutionGuid = {42006F16-E256-4EF9-8932-F3F6602E89BB}
	EndGlobalSection
EndGlobal
